// !$*UTF8*$!
{
	archiveVersion = 1;
	classes = {
	};
	objectVersion = 46;
	objects = {

/* Begin PBXBuildFile section */
		29D321E518D6A3E2008D11FD /* EGORefreshTableHeaderView.m in Sources */ = {isa = PBXBuildFile; fileRef = 29D321DB18D6A3E2008D11FD /* EGORefreshTableHeaderView.m */; settings = {COMPILER_FLAGS = "-fno-objc-arc"; }; };
		29D321E618D6A3E2008D11FD /* blackArrow.png in Resources */ = {isa = PBXBuildFile; fileRef = 29D321DD18D6A3E2008D11FD /* blackArrow.png */; };
		29D321E718D6A3E2008D11FD /* blackArrow@2x.png in Resources */ = {isa = PBXBuildFile; fileRef = 29D321DE18D6A3E2008D11FD /* blackArrow@2x.png */; };
		29D321E818D6A3E2008D11FD /* blueArrow.png in Resources */ = {isa = PBXBuildFile; fileRef = 29D321DF18D6A3E2008D11FD /* blueArrow.png */; };
		29D321E918D6A3E2008D11FD /* blueArrow@2x.png in Resources */ = {isa = PBXBuildFile; fileRef = 29D321E018D6A3E2008D11FD /* blueArrow@2x.png */; };
		29D321EA18D6A3E2008D11FD /* grayArrow.png in Resources */ = {isa = PBXBuildFile; fileRef = 29D321E118D6A3E2008D11FD /* grayArrow.png */; };
		29D321EB18D6A3E2008D11FD /* grayArrow@2x.png in Resources */ = {isa = PBXBuildFile; fileRef = 29D321E218D6A3E2008D11FD /* grayArrow@2x.png */; };
		29D321EC18D6A3E2008D11FD /* whiteArrow.png in Resources */ = {isa = PBXBuildFile; fileRef = 29D321E318D6A3E2008D11FD /* whiteArrow.png */; };
		29D321ED18D6A3E2008D11FD /* whiteArrow@2x.png in Resources */ = {isa = PBXBuildFile; fileRef = 29D321E418D6A3E2008D11FD /* whiteArrow@2x.png */; };
		C57A455118C8661D00616FE8 /* Foundation.framework in Frameworks */ = {isa = PBXBuildFile; fileRef = C57A455018C8661D00616FE8 /* Foundation.framework */; };
		C57A455318C8661D00616FE8 /* CoreGraphics.framework in Frameworks */ = {isa = PBXBuildFile; fileRef = C57A455218C8661D00616FE8 /* CoreGraphics.framework */; };
		C57A455518C8661D00616FE8 /* UIKit.framework in Frameworks */ = {isa = PBXBuildFile; fileRef = C57A455418C8661D00616FE8 /* UIKit.framework */; };
		C57A455B18C8661D00616FE8 /* InfoPlist.strings in Resources */ = {isa = PBXBuildFile; fileRef = C57A455918C8661D00616FE8 /* InfoPlist.strings */; };
		C57A455D18C8661D00616FE8 /* main.m in Sources */ = {isa = PBXBuildFile; fileRef = C57A455C18C8661D00616FE8 /* main.m */; };
		C57A456118C8661D00616FE8 /* TTVAppDelegate.m in Sources */ = {isa = PBXBuildFile; fileRef = C57A456018C8661D00616FE8 /* TTVAppDelegate.m */; };
		C57A456418C8661D00616FE8 /* Main.storyboard in Resources */ = {isa = PBXBuildFile; fileRef = C57A456218C8661D00616FE8 /* Main.storyboard */; };
		C57A456718C8661D00616FE8 /* TTVViewController.m in Sources */ = {isa = PBXBuildFile; fileRef = C57A456618C8661D00616FE8 /* TTVViewController.m */; };
		C57A456918C8661D00616FE8 /* Images.xcassets in Resources */ = {isa = PBXBuildFile; fileRef = C57A456818C8661D00616FE8 /* Images.xcassets */; };
		C57A457018C8661D00616FE8 /* XCTest.framework in Frameworks */ = {isa = PBXBuildFile; fileRef = C57A456F18C8661D00616FE8 /* XCTest.framework */; };
		C57A457118C8661D00616FE8 /* Foundation.framework in Frameworks */ = {isa = PBXBuildFile; fileRef = C57A455018C8661D00616FE8 /* Foundation.framework */; };
		C57A457218C8661D00616FE8 /* UIKit.framework in Frameworks */ = {isa = PBXBuildFile; fileRef = C57A455418C8661D00616FE8 /* UIKit.framework */; };
		C57A457A18C8661D00616FE8 /* InfoPlist.strings in Resources */ = {isa = PBXBuildFile; fileRef = C57A457818C8661D00616FE8 /* InfoPlist.strings */; };
		C57A457C18C8661D00616FE8 /* TestTableViewTests.m in Sources */ = {isa = PBXBuildFile; fileRef = C57A457B18C8661D00616FE8 /* TestTableViewTests.m */; };
/* End PBXBuildFile section */

/* Begin PBXContainerItemProxy section */
		C57A457318C8661D00616FE8 /* PBXContainerItemProxy */ = {
			isa = PBXContainerItemProxy;
			containerPortal = C57A454518C8661D00616FE8 /* Project object */;
			proxyType = 1;
			remoteGlobalIDString = C57A454C18C8661D00616FE8;
			remoteInfo = TestTableView;
		};
/* End PBXContainerItemProxy section */

/* Begin PBXFileReference section */
		29D321DA18D6A3E2008D11FD /* EGORefreshTableHeaderView.h */ = {isa = PBXFileReference; fileEncoding = 4; lastKnownFileType = sourcecode.c.h; path = EGORefreshTableHeaderView.h; sourceTree = "<group>"; };
		29D321DB18D6A3E2008D11FD /* EGORefreshTableHeaderView.m */ = {isa = PBXFileReference; fileEncoding = 4; lastKnownFileType = sourcecode.c.objc; path = EGORefreshTableHeaderView.m; sourceTree = "<group>"; };
		29D321DD18D6A3E2008D11FD /* blackArrow.png */ = {isa = PBXFileReference; lastKnownFileType = image.png; path = blackArrow.png; sourceTree = "<group>"; };
		29D321DE18D6A3E2008D11FD /* blackArrow@2x.png */ = {isa = PBXFileReference; lastKnownFileType = image.png; path = "blackArrow@2x.png"; sourceTree = "<group>"; };
		29D321DF18D6A3E2008D11FD /* blueArrow.png */ = {isa = PBXFileReference; lastKnownFileType = image.png; path = blueArrow.png; sourceTree = "<group>"; };
		29D321E018D6A3E2008D11FD /* blueArrow@2x.png */ = {isa = PBXFileReference; lastKnownFileType = image.png; path = "blueArrow@2x.png"; sourceTree = "<group>"; };
		29D321E118D6A3E2008D11FD /* grayArrow.png */ = {isa = PBXFileReference; lastKnownFileType = image.png; path = grayArrow.png; sourceTree = "<group>"; };
		29D321E218D6A3E2008D11FD /* grayArrow@2x.png */ = {isa = PBXFileReference; lastKnownFileType = image.png; path = "grayArrow@2x.png"; sourceTree = "<group>"; };
		29D321E318D6A3E2008D11FD /* whiteArrow.png */ = {isa = PBXFileReference; lastKnownFileType = image.png; path = whiteArrow.png; sourceTree = "<group>"; };
		29D321E418D6A3E2008D11FD /* whiteArrow@2x.png */ = {isa = PBXFileReference; lastKnownFileType = image.png; path = "whiteArrow@2x.png"; sourceTree = "<group>"; };
		C57A454D18C8661D00616FE8 /* TestTableView.app */ = {isa = PBXFileReference; explicitFileType = wrapper.application; includeInIndex = 0; path = TestTableView.app; sourceTree = BUILT_PRODUCTS_DIR; };
		C57A455018C8661D00616FE8 /* Foundation.framework */ = {isa = PBXFileReference; lastKnownFileType = wrapper.framework; name = Foundation.framework; path = System/Library/Frameworks/Foundation.framework; sourceTree = SDKROOT; };
		C57A455218C8661D00616FE8 /* CoreGraphics.framework */ = {isa = PBXFileReference; lastKnownFileType = wrapper.framework; name = CoreGraphics.framework; path = System/Library/Frameworks/CoreGraphics.framework; sourceTree = SDKROOT; };
		C57A455418C8661D00616FE8 /* UIKit.framework */ = {isa = PBXFileReference; lastKnownFileType = wrapper.framework; name = UIKit.framework; path = System/Library/Frameworks/UIKit.framework; sourceTree = SDKROOT; };
		C57A455818C8661D00616FE8 /* TestTableView-Info.plist */ = {isa = PBXFileReference; lastKnownFileType = text.plist.xml; path = "TestTableView-Info.plist"; sourceTree = "<group>"; };
		C57A455A18C8661D00616FE8 /* en */ = {isa = PBXFileReference; lastKnownFileType = text.plist.strings; name = en; path = en.lproj/InfoPlist.strings; sourceTree = "<group>"; };
		C57A455C18C8661D00616FE8 /* main.m */ = {isa = PBXFileReference; lastKnownFileType = sourcecode.c.objc; path = main.m; sourceTree = "<group>"; };
		C57A455E18C8661D00616FE8 /* TestTableView-Prefix.pch */ = {isa = PBXFileReference; lastKnownFileType = sourcecode.c.h; path = "TestTableView-Prefix.pch"; sourceTree = "<group>"; };
		C57A455F18C8661D00616FE8 /* TTVAppDelegate.h */ = {isa = PBXFileReference; lastKnownFileType = sourcecode.c.h; path = TTVAppDelegate.h; sourceTree = "<group>"; };
		C57A456018C8661D00616FE8 /* TTVAppDelegate.m */ = {isa = PBXFileReference; lastKnownFileType = sourcecode.c.objc; path = TTVAppDelegate.m; sourceTree = "<group>"; };
		C57A456318C8661D00616FE8 /* Base */ = {isa = PBXFileReference; lastKnownFileType = file.storyboard; name = Base; path = Base.lproj/Main.storyboard; sourceTree = "<group>"; };
		C57A456518C8661D00616FE8 /* TTVViewController.h */ = {isa = PBXFileReference; lastKnownFileType = sourcecode.c.h; path = TTVViewController.h; sourceTree = "<group>"; };
		C57A456618C8661D00616FE8 /* TTVViewController.m */ = {isa = PBXFileReference; lastKnownFileType = sourcecode.c.objc; path = TTVViewController.m; sourceTree = "<group>"; };
		C57A456818C8661D00616FE8 /* Images.xcassets */ = {isa = PBXFileReference; lastKnownFileType = folder.assetcatalog; path = Images.xcassets; sourceTree = "<group>"; };
		C57A456E18C8661D00616FE8 /* TestTableViewTests.xctest */ = {isa = PBXFileReference; explicitFileType = wrapper.cfbundle; includeInIndex = 0; path = TestTableViewTests.xctest; sourceTree = BUILT_PRODUCTS_DIR; };
		C57A456F18C8661D00616FE8 /* XCTest.framework */ = {isa = PBXFileReference; lastKnownFileType = wrapper.framework; name = XCTest.framework; path = Library/Frameworks/XCTest.framework; sourceTree = DEVELOPER_DIR; };
		C57A457718C8661D00616FE8 /* TestTableViewTests-Info.plist */ = {isa = PBXFileReference; lastKnownFileType = text.plist.xml; path = "TestTableViewTests-Info.plist"; sourceTree = "<group>"; };
		C57A457918C8661D00616FE8 /* en */ = {isa = PBXFileReference; lastKnownFileType = text.plist.strings; name = en; path = en.lproj/InfoPlist.strings; sourceTree = "<group>"; };
		C57A457B18C8661D00616FE8 /* TestTableViewTests.m */ = {isa = PBXFileReference; lastKnownFileType = sourcecode.c.objc; path = TestTableViewTests.m; sourceTree = "<group>"; };
/* End PBXFileReference section */

/* Begin PBXFrameworksBuildPhase section */
		C57A454A18C8661D00616FE8 /* Frameworks */ = {
			isa = PBXFrameworksBuildPhase;
			buildActionMask = 2147483647;
			files = (
				C57A455318C8661D00616FE8 /* CoreGraphics.framework in Frameworks */,
				C57A455518C8661D00616FE8 /* UIKit.framework in Frameworks */,
				C57A455118C8661D00616FE8 /* Foundation.framework in Frameworks */,
			);
			runOnlyForDeploymentPostprocessing = 0;
		};
		C57A456B18C8661D00616FE8 /* Frameworks */ = {
			isa = PBXFrameworksBuildPhase;
			buildActionMask = 2147483647;
			files = (
				C57A457018C8661D00616FE8 /* XCTest.framework in Frameworks */,
				C57A457218C8661D00616FE8 /* UIKit.framework in Frameworks */,
				C57A457118C8661D00616FE8 /* Foundation.framework in Frameworks */,
			);
			runOnlyForDeploymentPostprocessing = 0;
		};
/* End PBXFrameworksBuildPhase section */

/* Begin PBXGroup section */
		29D321D718D6A3E2008D11FD /* EGOTableViewPullRefresh */ = {
			isa = PBXGroup;
			children = (
				29D321D818D6A3E2008D11FD /* Classes */,
				29D321DC18D6A3E2008D11FD /* Resources */,
			);
			path = EGOTableViewPullRefresh;
			sourceTree = "<group>";
		};
		29D321D818D6A3E2008D11FD /* Classes */ = {
			isa = PBXGroup;
			children = (
				29D321D918D6A3E2008D11FD /* View */,
			);
			path = Classes;
			sourceTree = "<group>";
		};
		29D321D918D6A3E2008D11FD /* View */ = {
			isa = PBXGroup;
			children = (
				29D321DA18D6A3E2008D11FD /* EGORefreshTableHeaderView.h */,
				29D321DB18D6A3E2008D11FD /* EGORefreshTableHeaderView.m */,
			);
			path = View;
			sourceTree = "<group>";
		};
		29D321DC18D6A3E2008D11FD /* Resources */ = {
			isa = PBXGroup;
			children = (
				29D321DD18D6A3E2008D11FD /* blackArrow.png */,
				29D321DE18D6A3E2008D11FD /* blackArrow@2x.png */,
				29D321DF18D6A3E2008D11FD /* blueArrow.png */,
				29D321E018D6A3E2008D11FD /* blueArrow@2x.png */,
				29D321E118D6A3E2008D11FD /* grayArrow.png */,
				29D321E218D6A3E2008D11FD /* grayArrow@2x.png */,
				29D321E318D6A3E2008D11FD /* whiteArrow.png */,
				29D321E418D6A3E2008D11FD /* whiteArrow@2x.png */,
			);
			path = Resources;
			sourceTree = "<group>";
		};
		C57A454418C8661D00616FE8 = {
			isa = PBXGroup;
			children = (
				C57A455618C8661D00616FE8 /* TestTableView */,
				C57A457518C8661D00616FE8 /* TestTableViewTests */,
				C57A454F18C8661D00616FE8 /* Frameworks */,
				C57A454E18C8661D00616FE8 /* Products */,
			);
			sourceTree = "<group>";
		};
		C57A454E18C8661D00616FE8 /* Products */ = {
			isa = PBXGroup;
			children = (
				C57A454D18C8661D00616FE8 /* TestTableView.app */,
				C57A456E18C8661D00616FE8 /* TestTableViewTests.xctest */,
			);
			name = Products;
			sourceTree = "<group>";
		};
		C57A454F18C8661D00616FE8 /* Frameworks */ = {
			isa = PBXGroup;
			children = (
				C57A455018C8661D00616FE8 /* Foundation.framework */,
				C57A455218C8661D00616FE8 /* CoreGraphics.framework */,
				C57A455418C8661D00616FE8 /* UIKit.framework */,
				C57A456F18C8661D00616FE8 /* XCTest.framework */,
			);
			name = Frameworks;
			sourceTree = "<group>";
		};
		C57A455618C8661D00616FE8 /* TestTableView */ = {
			isa = PBXGroup;
			children = (
				29D321D718D6A3E2008D11FD /* EGOTableViewPullRefresh */,
				C57A455F18C8661D00616FE8 /* TTVAppDelegate.h */,
				C57A456018C8661D00616FE8 /* TTVAppDelegate.m */,
				C57A456218C8661D00616FE8 /* Main.storyboard */,
				C57A456518C8661D00616FE8 /* TTVViewController.h */,
				C57A456618C8661D00616FE8 /* TTVViewController.m */,
				C57A456818C8661D00616FE8 /* Images.xcassets */,
				C57A455718C8661D00616FE8 /* Supporting Files */,
			);
			path = TestTableView;
			sourceTree = "<group>";
		};
		C57A455718C8661D00616FE8 /* Supporting Files */ = {
			isa = PBXGroup;
			children = (
				C57A455818C8661D00616FE8 /* TestTableView-Info.plist */,
				C57A455918C8661D00616FE8 /* InfoPlist.strings */,
				C57A455C18C8661D00616FE8 /* main.m */,
				C57A455E18C8661D00616FE8 /* TestTableView-Prefix.pch */,
			);
			name = "Supporting Files";
			sourceTree = "<group>";
		};
		C57A457518C8661D00616FE8 /* TestTableViewTests */ = {
			isa = PBXGroup;
			children = (
				C57A457B18C8661D00616FE8 /* TestTableViewTests.m */,
				C57A457618C8661D00616FE8 /* Supporting Files */,
			);
			path = TestTableViewTests;
			sourceTree = "<group>";
		};
		C57A457618C8661D00616FE8 /* Supporting Files */ = {
			isa = PBXGroup;
			children = (
				C57A457718C8661D00616FE8 /* TestTableViewTests-Info.plist */,
				C57A457818C8661D00616FE8 /* InfoPlist.strings */,
			);
			name = "Supporting Files";
			sourceTree = "<group>";
		};
/* End PBXGroup section */

/* Begin PBXNativeTarget section */
		C57A454C18C8661D00616FE8 /* TestTableView */ = {
			isa = PBXNativeTarget;
			buildConfigurationList = C57A457F18C8661E00616FE8 /* Build configuration list for PBXNativeTarget "TestTableView" */;
			buildPhases = (
				C57A454918C8661D00616FE8 /* Sources */,
				C57A454A18C8661D00616FE8 /* Frameworks */,
				C57A454B18C8661D00616FE8 /* Resources */,
			);
			buildRules = (
			);
			dependencies = (
			);
			name = TestTableView;
			productName = TestTableView;
			productReference = C57A454D18C8661D00616FE8 /* TestTableView.app */;
			productType = "com.apple.product-type.application";
		};
		C57A456D18C8661D00616FE8 /* TestTableViewTests */ = {
			isa = PBXNativeTarget;
			buildConfigurationList = C57A458218C8661E00616FE8 /* Build configuration list for PBXNativeTarget "TestTableViewTests" */;
			buildPhases = (
				C57A456A18C8661D00616FE8 /* Sources */,
				C57A456B18C8661D00616FE8 /* Frameworks */,
				C57A456C18C8661D00616FE8 /* Resources */,
			);
			buildRules = (
			);
			dependencies = (
				C57A457418C8661D00616FE8 /* PBXTargetDependency */,
			);
			name = TestTableViewTests;
			productName = TestTableViewTests;
			productReference = C57A456E18C8661D00616FE8 /* TestTableViewTests.xctest */;
			productType = "com.apple.product-type.bundle.unit-test";
		};
/* End PBXNativeTarget section */

/* Begin PBXProject section */
		C57A454518C8661D00616FE8 /* Project object */ = {
			isa = PBXProject;
			attributes = {
				CLASSPREFIX = TTV;
				LastUpgradeCheck = 0500;
				ORGANIZATIONNAME = feibo;
				TargetAttributes = {
					C57A454C18C8661D00616FE8 = {
						DevelopmentTeam = LRM5N8W9YM;
					};
					C57A456D18C8661D00616FE8 = {
						TestTargetID = C57A454C18C8661D00616FE8;
					};
				};
			};
			buildConfigurationList = C57A454818C8661D00616FE8 /* Build configuration list for PBXProject "TestTableView" */;
			compatibilityVersion = "Xcode 3.2";
			developmentRegion = English;
			hasScannedForEncodings = 0;
			knownRegions = (
				en,
				Base,
			);
			mainGroup = C57A454418C8661D00616FE8;
			productRefGroup = C57A454E18C8661D00616FE8 /* Products */;
			projectDirPath = "";
			projectRoot = "";
			targets = (
				C57A454C18C8661D00616FE8 /* TestTableView */,
				C57A456D18C8661D00616FE8 /* TestTableViewTests */,
			);
		};
/* End PBXProject section */

/* Begin PBXResourcesBuildPhase section */
		C57A454B18C8661D00616FE8 /* Resources */ = {
			isa = PBXResourcesBuildPhase;
			buildActionMask = 2147483647;
			files = (
				C57A456918C8661D00616FE8 /* Images.xcassets in Resources */,
				29D321E618D6A3E2008D11FD /* blackArrow.png in Resources */,
				C57A455B18C8661D00616FE8 /* InfoPlist.strings in Resources */,
				29D321ED18D6A3E2008D11FD /* whiteArrow@2x.png in Resources */,
				29D321EB18D6A3E2008D11FD /* grayArrow@2x.png in Resources */,
				29D321E918D6A3E2008D11FD /* blueArrow@2x.png in Resources */,
				29D321E818D6A3E2008D11FD /* blueArrow.png in Resources */,
				29D321E718D6A3E2008D11FD /* blackArrow@2x.png in Resources */,
				29D321EC18D6A3E2008D11FD /* whiteArrow.png in Resources */,
				29D321EA18D6A3E2008D11FD /* grayArrow.png in Resources */,
				C57A456418C8661D00616FE8 /* Main.storyboard in Resources */,
			);
			runOnlyForDeploymentPostprocessing = 0;
		};
		C57A456C18C8661D00616FE8 /* Resources */ = {
			isa = PBXResourcesBuildPhase;
			buildActionMask = 2147483647;
			files = (
				C57A457A18C8661D00616FE8 /* InfoPlist.strings in Resources */,
			);
			runOnlyForDeploymentPostprocessing = 0;
		};
/* End PBXResourcesBuildPhase section */

/* Begin PBXSourcesBuildPhase section */
		C57A454918C8661D00616FE8 /* Sources */ = {
			isa = PBXSourcesBuildPhase;
			buildActionMask = 2147483647;
			files = (
				29D321E518D6A3E2008D11FD /* EGORefreshTableHeaderView.m in Sources */,
				C57A456718C8661D00616FE8 /* TTVViewController.m in Sources */,
				C57A455D18C8661D00616FE8 /* main.m in Sources */,
				C57A456118C8661D00616FE8 /* TTVAppDelegate.m in Sources */,
			);
			runOnlyForDeploymentPostprocessing = 0;
		};
		C57A456A18C8661D00616FE8 /* Sources */ = {
			isa = PBXSourcesBuildPhase;
			buildActionMask = 2147483647;
			files = (
				C57A457C18C8661D00616FE8 /* TestTableViewTests.m in Sources */,
			);
			runOnlyForDeploymentPostprocessing = 0;
		};
/* End PBXSourcesBuildPhase section */

/* Begin PBXTargetDependency section */
		C57A457418C8661D00616FE8 /* PBXTargetDependency */ = {
			isa = PBXTargetDependency;
			target = C57A454C18C8661D00616FE8 /* TestTableView */;
			targetProxy = C57A457318C8661D00616FE8 /* PBXContainerItemProxy */;
		};
/* End PBXTargetDependency section */

/* Begin PBXVariantGroup section */
		C57A455918C8661D00616FE8 /* InfoPlist.strings */ = {
			isa = PBXVariantGroup;
			children = (
				C57A455A18C8661D00616FE8 /* en */,
			);
			name = InfoPlist.strings;
			sourceTree = "<group>";
		};
		C57A456218C8661D00616FE8 /* Main.storyboard */ = {
			isa = PBXVariantGroup;
			children = (
				C57A456318C8661D00616FE8 /* Base */,
			);
			name = Main.storyboard;
			sourceTree = "<group>";
		};
		C57A457818C8661D00616FE8 /* InfoPlist.strings */ = {
			isa = PBXVariantGroup;
			children = (
				C57A457918C8661D00616FE8 /* en */,
			);
			name = InfoPlist.strings;
			sourceTree = "<group>";
		};
/* End PBXVariantGroup section */

/* Begin XCBuildConfiguration section */
		C57A457D18C8661E00616FE8 /* Debug */ = {
			isa = XCBuildConfiguration;
			buildSettings = {
				ALWAYS_SEARCH_USER_PATHS = NO;
				ARCHS = "$(ARCHS_STANDARD_INCLUDING_64_BIT)";
				CLANG_CXX_LANGUAGE_STANDARD = "gnu++0x";
				CLANG_CXX_LIBRARY = "libc++";
				CLANG_ENABLE_MODULES = YES;
				CLANG_ENABLE_OBJC_ARC = YES;
				CLANG_WARN_BOOL_CONVERSION = YES;
				CLANG_WARN_CONSTANT_CONVERSION = YES;
				CLANG_WARN_DIRECT_OBJC_ISA_USAGE = YES_ERROR;
				CLANG_WARN_EMPTY_BODY = YES;
				CLANG_WARN_ENUM_CONVERSION = YES;
				CLANG_WARN_INT_CONVERSION = YES;
				CLANG_WARN_OBJC_ROOT_CLASS = YES_ERROR;
				CLANG_WARN__DUPLICATE_METHOD_MATCH = YES;
				"CODE_SIGN_IDENTITY[sdk=iphoneos*]" = "iPhone Developer";
				COPY_PHASE_STRIP = NO;
				GCC_C_LANGUAGE_STANDARD = gnu99;
				GCC_DYNAMIC_NO_PIC = NO;
				GCC_OPTIMIZATION_LEVEL = 0;
				GCC_PREPROCESSOR_DEFINITIONS = (
					"DEBUG=1",
					"$(inherited)",
				);
				GCC_SYMBOLS_PRIVATE_EXTERN = NO;
				GCC_WARN_64_TO_32_BIT_CONVERSION = YES;
				GCC_WARN_ABOUT_RETURN_TYPE = YES_ERROR;
				GCC_WARN_UNDECLARED_SELECTOR = YES;
				GCC_WARN_UNINITIALIZED_AUTOS = YES;
				GCC_WARN_UNUSED_FUNCTION = YES;
				GCC_WARN_UNUSED_VARIABLE = YES;
				IPHONEOS_DEPLOYMENT_TARGET = 7.0;
				ONLY_ACTIVE_ARCH = YES;
				SDKROOT = iphoneos;
			};
			name = Debug;
		};
		C57A457E18C8661E00616FE8 /* Release */ = {
			isa = XCBuildConfiguration;
			buildSettings = {
				ALWAYS_SEARCH_USER_PATHS = NO;
				ARCHS = "$(ARCHS_STANDARD_INCLUDING_64_BIT)";
				CLANG_CXX_LANGUAGE_STANDARD = "gnu++0x";
				CLANG_CXX_LIBRARY = "libc++";
				CLANG_ENABLE_MODULES = YES;
				CLANG_ENABLE_OBJC_ARC = YES;
				CLANG_WARN_BOOL_CONVERSION = YES;
				CLANG_WARN_CONSTANT_CONVERSION = YES;
				CLANG_WARN_DIRECT_OBJC_ISA_USAGE = YES_ERROR;
				CLANG_WARN_EMPTY_BODY = YES;
				CLANG_WARN_ENUM_CONVERSION = YES;
				CLANG_WARN_INT_CONVERSION = YES;
				CLANG_WARN_OBJC_ROOT_CLASS = YES_ERROR;
				CLANG_WARN__DUPLICATE_METHOD_MATCH = YES;
				"CODE_SIGN_IDENTITY[sdk=iphoneos*]" = "iPhone Developer";
				COPY_PHASE_STRIP = YES;
				ENABLE_NS_ASSERTIONS = NO;
				GCC_C_LANGUAGE_STANDARD = gnu99;
				GCC_WARN_64_TO_32_BIT_CONVERSION = YES;
				GCC_WARN_ABOUT_RETURN_TYPE = YES_ERROR;
				GCC_WARN_UNDECLARED_SELECTOR = YES;
				GCC_WARN_UNINITIALIZED_AUTOS = YES;
				GCC_WARN_UNUSED_FUNCTION = YES;
				GCC_WARN_UNUSED_VARIABLE = YES;
				IPHONEOS_DEPLOYMENT_TARGET = 7.0;
				SDKROOT = iphoneos;
				VALIDATE_PRODUCT = YES;
			};
			name = Release;
		};
		C57A458018C8661E00616FE8 /* Debug */ = {
			isa = XCBuildConfiguration;
			buildSettings = {
				ASSETCATALOG_COMPILER_APPICON_NAME = AppIcon;
				ASSETCATALOG_COMPILER_LAUNCHIMAGE_NAME = LaunchImage;
				CODE_SIGN_IDENTITY = "iPhone Developer";
				"CODE_SIGN_IDENTITY[sdk=iphoneos*]" = "iPhone Developer";
				GCC_PRECOMPILE_PREFIX_HEADER = YES;
				GCC_PREFIX_HEADER = "TestTableView/TestTableView-Prefix.pch";
				INFOPLIST_FILE = "TestTableView/TestTableView-Info.plist";
				PRODUCT_NAME = "$(TARGET_NAME)";
				PROVISIONING_PROFILE = "";
				WRAPPER_EXTENSION = app;
			};
			name = Debug;
		};
		C57A458118C8661E00616FE8 /* Release */ = {
			isa = XCBuildConfiguration;
			buildSettings = {
				ASSETCATALOG_COMPILER_APPICON_NAME = AppIcon;
				ASSETCATALOG_COMPILER_LAUNCHIMAGE_NAME = LaunchImage;
				CODE_SIGN_IDENTITY = "iPhone Developer";
				"CODE_SIGN_IDENTITY[sdk=iphoneos*]" = "iPhone Developer";
				GCC_PRECOMPILE_PREFIX_HEADER = YES;
				GCC_PREFIX_HEADER = "TestTableView/TestTableView-Prefix.pch";
				INFOPLIST_FILE = "TestTableView/TestTableView-Info.plist";
				PRODUCT_NAME = "$(TARGET_NAME)";
				PROVISIONING_PROFILE = "";
				WRAPPER_EXTENSION = app;
			};
			name = Release;
		};
		C57A458318C8661E00616FE8 /* Debug */ = {
			isa = XCBuildConfiguration;
			buildSettings = {
				ARCHS = "$(ARCHS_STANDARD_INCLUDING_64_BIT)";
				BUNDLE_LOADER = "$(BUILT_PRODUCTS_DIR)/TestTableView.app/TestTableView";
				FRAMEWORK_SEARCH_PATHS = (
					"$(SDKROOT)/Developer/Library/Frameworks",
					"$(inherited)",
					"$(DEVELOPER_FRAMEWORKS_DIR)",
				);
				GCC_PRECOMPILE_PREFIX_HEADER = YES;
				GCC_PREFIX_HEADER = "TestTableView/TestTableView-Prefix.pch";
				GCC_PREPROCESSOR_DEFINITIONS = (
					"DEBUG=1",
					"$(inherited)",
				);
				INFOPLIST_FILE = "TestTableViewTests/TestTableViewTests-Info.plist";
				PRODUCT_NAME = "$(TARGET_NAME)";
				TEST_HOST = "$(BUNDLE_LOADER)";
				WRAPPER_EXTENSION = xctest;
			};
			name = Debug;
		};
		C57A458418C8661E00616FE8 /* Release */ = {
			isa = XCBuildConfiguration;
			buildSettings = {
				ARCHS = "$(ARCHS_STANDARD_INCLUDING_64_BIT)";
				BUNDLE_LOADER = "$(BUILT_PRODUCTS_DIR)/TestTableView.app/TestTableView";
				FRAMEWORK_SEARCH_PATHS = (
					"$(SDKROOT)/Developer/Library/Frameworks",
					"$(inherited)",
					"$(DEVELOPER_FRAMEWORKS_DIR)",
				);
				GCC_PRECOMPILE_PREFIX_HEADER = YES;
				GCC_PREFIX_HEADER = "TestTableView/TestTableView-Prefix.pch";
				INFOPLIST_FILE = "TestTableViewTests/TestTableViewTests-Info.plist";
				PRODUCT_NAME = "$(TARGET_NAME)";
				TEST_HOST = "$(BUNDLE_LOADER)";
				WRAPPER_EXTENSION = xctest;
			};
			name = Release;
		};
/* End XCBuildConfiguration section */

/* Begin XCConfigurationList section */
		C57A454818C8661D00616FE8 /* Build configuration list for PBXProject "TestTableView" */ = {
			isa = XCConfigurationList;
			buildConfigurations = (
				C57A457D18C8661E00616FE8 /* Debug */,
				C57A457E18C8661E00616FE8 /* Release */,
			);
			defaultConfigurationIsVisible = 0;
			defaultConfigurationName = Release;
		};
		C57A457F18C8661E00616FE8 /* Build configuration list for PBXNativeTarget "TestTableView" */ = {
			isa = XCConfigurationList;
			buildConfigurations = (
				C57A458018C8661E00616FE8 /* Debug */,
				C57A458118C8661E00616FE8 /* Release */,
			);
			defaultConfigurationIsVisible = 0;
			defaultConfigurationName = Release;
		};
		C57A458218C8661E00616FE8 /* Build configuration list for PBXNativeTarget "TestTableViewTests" */ = {
			isa = XCConfigurationList;
			buildConfigurations = (
				C57A458318C8661E00616FE8 /* Debug */,
				C57A458418C8661E00616FE8 /* Release */,
			);
			defaultConfigurationIsVisible = 0;
			defaultConfigurationName = Release;
		};
/* End XCConfigurationList section */
	};
	rootObject = C57A454518C8661D00616FE8 /* Project object */;
}
